{
  "originHash" : "82d884ae2e52fd296a06303eb4a03d7d9c83a895b06839c53e6d8d279e56d270",
  "pins" : [
    {
      "identity" : "lottie-ios",
      "kind" : "remoteSourceControl",
      "location" : "https://github.com/airbnb/lottie-ios.git",
      "state" : {
        "revision" : "a004050748dc197c56256a14dca49a035d74726c",
        "version" : "4.5.2"
      }
    },
    {
      "identity" : "purchases-ios-spm",
      "kind" : "remoteSourceControl",
      "location" : "https://github.com/RevenueCat/purchases-ios-spm.git",
      "state" : {
        "revision" : "0f7f5897afbf4cd411171d420e4d6cb5b46bc18d",
        "version" : "5.27.1"
      }
    }
  ],
  "version" : 3
}
