// !$*UTF8*$!
{
	archiveVersion = 1;
	classes = {
	};
	objectVersion = 77;
	objects = {

/* Begin PBXBuildFile section */
		206D2A9C2DF33CC40013D385 /* RevenueCat in Frameworks */ = {isa = PBXBuildFile; productRef = 206D2A9B2DF33CC40013D385 /* RevenueCat */; };
		206D2A9E2DF33CC40013D385 /* RevenueCatUI in Frameworks */ = {isa = PBXBuildFile; productRef = 206D2A9D2DF33CC40013D385 /* RevenueCatUI */; };
		206D5B062DF357EC00366C90 /* StoreKit.framework in Frameworks */ = {isa = PBXBuildFile; fileRef = 206D5B052DF357EC00366C90 /* StoreKit.framework */; };
		206DE0792DF195E7007EE33B /* Lottie in Frameworks */ = {isa = PBXBuildFile; productRef = 206DE0782DF195E7007EE33B /* Lottie */; };
		20AB6D2C2D2AFB5500A45746 /* FirebaseAnalytics in Frameworks */ = {isa = PBXBuildFile; productRef = 20AB6D2B2D2AFB5500A45746 /* FirebaseAnalytics */; };
		20AB6D2E2D2AFB5500A45746 /* FirebaseAnalyticsOnDeviceConversion in Frameworks */ = {isa = PBXBuildFile; productRef = 20AB6D2D2D2AFB5500A45746 /* FirebaseAnalyticsOnDeviceConversion */; };
		20AB6D302D2AFB5500A45746 /* FirebaseAnalyticsWithoutAdIdSupport in Frameworks */ = {isa = PBXBuildFile; productRef = 20AB6D2F2D2AFB5500A45746 /* FirebaseAnalyticsWithoutAdIdSupport */; };
		20AB6D322D2AFB5500A45746 /* FirebaseAppCheck in Frameworks */ = {isa = PBXBuildFile; productRef = 20AB6D312D2AFB5500A45746 /* FirebaseAppCheck */; };
		20AB6D342D2AFB5500A45746 /* FirebaseAppDistribution-Beta in Frameworks */ = {isa = PBXBuildFile; productRef = 20AB6D332D2AFB5500A45746 /* FirebaseAppDistribution-Beta */; };
/* End PBXBuildFile section */

/* Begin PBXContainerItemProxy section */
		2032D6C62D1E9E2400170F56 /* PBXContainerItemProxy */ = {
			isa = PBXContainerItemProxy;
			containerPortal = 2032D6A82D1E9E2300170F56 /* Project object */;
			proxyType = 1;
			remoteGlobalIDString = 2032D6AF2D1E9E2300170F56;
			remoteInfo = polynap;
		};
		2032D6D02D1E9E2400170F56 /* PBXContainerItemProxy */ = {
			isa = PBXContainerItemProxy;
			containerPortal = 2032D6A82D1E9E2300170F56 /* Project object */;
			proxyType = 1;
			remoteGlobalIDString = 2032D6AF2D1E9E2300170F56;
			remoteInfo = polynap;
		};
/* End PBXContainerItemProxy section */

/* Begin PBXFileReference section */
		200CAD012DAB2AE500F65A10 /* polynap.xcodeproj */ = {isa = PBXFileReference; lastKnownFileType = "wrapper.pb-project"; path = polynap.xcodeproj; sourceTree = "<group>"; };
		2032D6B02D1E9E2300170F56 /* polynap.app */ = {isa = PBXFileReference; explicitFileType = wrapper.application; includeInIndex = 0; path = polynap.app; sourceTree = BUILT_PRODUCTS_DIR; };
		2032D6C52D1E9E2400170F56 /* polynapTests.xctest */ = {isa = PBXFileReference; explicitFileType = wrapper.cfbundle; includeInIndex = 0; path = polynapTests.xctest; sourceTree = BUILT_PRODUCTS_DIR; };
		2032D6CF2D1E9E2400170F56 /* polynapUITests.xctest */ = {isa = PBXFileReference; explicitFileType = wrapper.cfbundle; includeInIndex = 0; path = polynapUITests.xctest; sourceTree = BUILT_PRODUCTS_DIR; };
		206D5B052DF357EC00366C90 /* StoreKit.framework */ = {isa = PBXFileReference; lastKnownFileType = wrapper.framework; name = StoreKit.framework; path = System/Library/Frameworks/StoreKit.framework; sourceTree = SDKROOT; };
/* End PBXFileReference section */

/* Begin PBXFileSystemSynchronizedBuildFileExceptionSet section */
		20308C142D1EF78E00089A53 /* Exceptions for "polynap" folder in "polynap" target */ = {
			isa = PBXFileSystemSynchronizedBuildFileExceptionSet;
			membershipExceptions = (
				Info.plist,
			);
			target = 2032D6AF2D1E9E2300170F56 /* polynap */;
		};
/* End PBXFileSystemSynchronizedBuildFileExceptionSet section */

/* Begin PBXFileSystemSynchronizedRootGroup section */
		2032D6B22D1E9E2300170F56 /* polynap */ = {
			isa = PBXFileSystemSynchronizedRootGroup;
			exceptions = (
				20308C142D1EF78E00089A53 /* Exceptions for "polynap" folder in "polynap" target */,
			);
			path = polynap;
			sourceTree = "<group>";
		};
		2032D6C82D1E9E2400170F56 /* polynapTests */ = {
			isa = PBXFileSystemSynchronizedRootGroup;
			path = polynapTests;
			sourceTree = "<group>";
		};
		2032D6D22D1E9E2400170F56 /* polynapUITests */ = {
			isa = PBXFileSystemSynchronizedRootGroup;
			path = polynapUITests;
			sourceTree = "<group>";
		};
/* End PBXFileSystemSynchronizedRootGroup section */

/* Begin PBXFrameworksBuildPhase section */
		2032D6AD2D1E9E2300170F56 /* Frameworks */ = {
			isa = PBXFrameworksBuildPhase;
			buildActionMask = 2147483647;
			files = (
				206D5B062DF357EC00366C90 /* StoreKit.framework in Frameworks */,
				20AB6D322D2AFB5500A45746 /* FirebaseAppCheck in Frameworks */,
				20AB6D2C2D2AFB5500A45746 /* FirebaseAnalytics in Frameworks */,
				206D2A9C2DF33CC40013D385 /* RevenueCat in Frameworks */,
				20AB6D342D2AFB5500A45746 /* FirebaseAppDistribution-Beta in Frameworks */,
				206D2A9E2DF33CC40013D385 /* RevenueCatUI in Frameworks */,
				20AB6D302D2AFB5500A45746 /* FirebaseAnalyticsWithoutAdIdSupport in Frameworks */,
				20AB6D2E2D2AFB5500A45746 /* FirebaseAnalyticsOnDeviceConversion in Frameworks */,
				206DE0792DF195E7007EE33B /* Lottie in Frameworks */,
			);
			runOnlyForDeploymentPostprocessing = 0;
		};
		2032D6C22D1E9E2400170F56 /* Frameworks */ = {
			isa = PBXFrameworksBuildPhase;
			buildActionMask = 2147483647;
			files = (
			);
			runOnlyForDeploymentPostprocessing = 0;
		};
		2032D6CC2D1E9E2400170F56 /* Frameworks */ = {
			isa = PBXFrameworksBuildPhase;
			buildActionMask = 2147483647;
			files = (
			);
			runOnlyForDeploymentPostprocessing = 0;
		};
/* End PBXFrameworksBuildPhase section */

/* Begin PBXGroup section */
		200CAD022DAB2AE500F65A10 /* Products */ = {
			isa = PBXGroup;
			name = Products;
			sourceTree = "<group>";
		};
		2032D6A72D1E9E2300170F56 = {
			isa = PBXGroup;
			children = (
				2032D6B22D1E9E2300170F56 /* polynap */,
				2032D6C82D1E9E2400170F56 /* polynapTests */,
				2032D6D22D1E9E2400170F56 /* polynapUITests */,
				206D5B042DF357EC00366C90 /* Frameworks */,
				2032D6B12D1E9E2300170F56 /* Products */,
			);
			sourceTree = "<group>";
		};
		2032D6B12D1E9E2300170F56 /* Products */ = {
			isa = PBXGroup;
			children = (
				2032D6B02D1E9E2300170F56 /* polynap.app */,
				2032D6C52D1E9E2400170F56 /* polynapTests.xctest */,
				2032D6CF2D1E9E2400170F56 /* polynapUITests.xctest */,
			);
			name = Products;
			sourceTree = "<group>";
		};
		206D5B042DF357EC00366C90 /* Frameworks */ = {
			isa = PBXGroup;
			children = (
				206D5B052DF357EC00366C90 /* StoreKit.framework */,
			);
			name = Frameworks;
			sourceTree = "<group>";
		};
/* End PBXGroup section */

/* Begin PBXNativeTarget section */
		2032D6AF2D1E9E2300170F56 /* polynap */ = {
			isa = PBXNativeTarget;
			buildConfigurationList = 2032D6D92D1E9E2400170F56 /* Build configuration list for PBXNativeTarget "polynap" */;
			buildPhases = (
				2032D6AC2D1E9E2300170F56 /* Sources */,
				2032D6AD2D1E9E2300170F56 /* Frameworks */,
				2032D6AE2D1E9E2300170F56 /* Resources */,
			);
			buildRules = (
			);
			dependencies = (
			);
			fileSystemSynchronizedGroups = (
				2032D6B22D1E9E2300170F56 /* polynap */,
			);
			name = polynap;
			packageProductDependencies = (
				20AB6D2B2D2AFB5500A45746 /* FirebaseAnalytics */,
				20AB6D2D2D2AFB5500A45746 /* FirebaseAnalyticsOnDeviceConversion */,
				20AB6D2F2D2AFB5500A45746 /* FirebaseAnalyticsWithoutAdIdSupport */,
				20AB6D312D2AFB5500A45746 /* FirebaseAppCheck */,
				20AB6D332D2AFB5500A45746 /* FirebaseAppDistribution-Beta */,
				206DE0782DF195E7007EE33B /* Lottie */,
				206D2A9B2DF33CC40013D385 /* RevenueCat */,
				206D2A9D2DF33CC40013D385 /* RevenueCatUI */,
			);
			productName = polynap;
			productReference = 2032D6B02D1E9E2300170F56 /* polynap.app */;
			productType = "com.apple.product-type.application";
		};
		2032D6C42D1E9E2400170F56 /* polynapTests */ = {
			isa = PBXNativeTarget;
			buildConfigurationList = 2032D6DC2D1E9E2400170F56 /* Build configuration list for PBXNativeTarget "polynapTests" */;
			buildPhases = (
				2032D6C12D1E9E2400170F56 /* Sources */,
				2032D6C22D1E9E2400170F56 /* Frameworks */,
				2032D6C32D1E9E2400170F56 /* Resources */,
			);
			buildRules = (
			);
			dependencies = (
				2032D6C72D1E9E2400170F56 /* PBXTargetDependency */,
			);
			fileSystemSynchronizedGroups = (
				2032D6C82D1E9E2400170F56 /* polynapTests */,
			);
			name = polynapTests;
			packageProductDependencies = (
			);
			productName = polynapTests;
			productReference = 2032D6C52D1E9E2400170F56 /* polynapTests.xctest */;
			productType = "com.apple.product-type.bundle.unit-test";
		};
		2032D6CE2D1E9E2400170F56 /* polynapUITests */ = {
			isa = PBXNativeTarget;
			buildConfigurationList = 2032D6DF2D1E9E2400170F56 /* Build configuration list for PBXNativeTarget "polynapUITests" */;
			buildPhases = (
				2032D6CB2D1E9E2400170F56 /* Sources */,
				2032D6CC2D1E9E2400170F56 /* Frameworks */,
				2032D6CD2D1E9E2400170F56 /* Resources */,
			);
			buildRules = (
			);
			dependencies = (
				2032D6D12D1E9E2400170F56 /* PBXTargetDependency */,
			);
			fileSystemSynchronizedGroups = (
				2032D6D22D1E9E2400170F56 /* polynapUITests */,
			);
			name = polynapUITests;
			packageProductDependencies = (
			);
			productName = polynapUITests;
			productReference = 2032D6CF2D1E9E2400170F56 /* polynapUITests.xctest */;
			productType = "com.apple.product-type.bundle.ui-testing";
		};
/* End PBXNativeTarget section */

/* Begin PBXProject section */
		2032D6A82D1E9E2300170F56 /* Project object */ = {
			isa = PBXProject;
			attributes = {
				BuildIndependentTargetsInParallel = 1;
				KnownAssetTags = (
					New,
					"New-1",
				);
				LastSwiftUpdateCheck = 1610;
				LastUpgradeCheck = 1610;
				TargetAttributes = {
					2032D6AF2D1E9E2300170F56 = {
						CreatedOnToolsVersion = 16.1;
					};
					2032D6C42D1E9E2400170F56 = {
						CreatedOnToolsVersion = 16.1;
						TestTargetID = 2032D6AF2D1E9E2300170F56;
					};
					2032D6CE2D1E9E2400170F56 = {
						CreatedOnToolsVersion = 16.1;
						TestTargetID = 2032D6AF2D1E9E2300170F56;
					};
				};
			};
			buildConfigurationList = 2032D6AB2D1E9E2300170F56 /* Build configuration list for PBXProject "polynap" */;
			developmentRegion = en;
			hasScannedForEncodings = 0;
			knownRegions = (
				en,
				Base,
				tr,
			);
			mainGroup = 2032D6A72D1E9E2300170F56;
			minimizedProjectReferenceProxies = 1;
			packageReferences = (
				20AB6D2A2D2AFB5500A45746 /* XCRemoteSwiftPackageReference "firebase-ios-sdk" */,
				206DE0772DF195E7007EE33B /* XCRemoteSwiftPackageReference "lottie-ios" */,
				206D2A9A2DF33CC40013D385 /* XCRemoteSwiftPackageReference "purchases-ios-spm" */,
			);
			preferredProjectObjectVersion = 77;
			productRefGroup = 2032D6B12D1E9E2300170F56 /* Products */;
			projectDirPath = "";
			projectReferences = (
				{
					ProductGroup = 200CAD022DAB2AE500F65A10 /* Products */;
					ProjectRef = 200CAD012DAB2AE500F65A10 /* polynap.xcodeproj */;
				},
			);
			projectRoot = "";
			targets = (
				2032D6AF2D1E9E2300170F56 /* polynap */,
				2032D6C42D1E9E2400170F56 /* polynapTests */,
				2032D6CE2D1E9E2400170F56 /* polynapUITests */,
			);
		};
/* End PBXProject section */

/* Begin PBXResourcesBuildPhase section */
		2032D6AE2D1E9E2300170F56 /* Resources */ = {
			isa = PBXResourcesBuildPhase;
			buildActionMask = 2147483647;
			files = (
			);
			runOnlyForDeploymentPostprocessing = 0;
		};
		2032D6C32D1E9E2400170F56 /* Resources */ = {
			isa = PBXResourcesBuildPhase;
			buildActionMask = 2147483647;
			files = (
			);
			runOnlyForDeploymentPostprocessing = 0;
		};
		2032D6CD2D1E9E2400170F56 /* Resources */ = {
			isa = PBXResourcesBuildPhase;
			buildActionMask = 2147483647;
			files = (
			);
			runOnlyForDeploymentPostprocessing = 0;
		};
/* End PBXResourcesBuildPhase section */

/* Begin PBXSourcesBuildPhase section */
		2032D6AC2D1E9E2300170F56 /* Sources */ = {
			isa = PBXSourcesBuildPhase;
			buildActionMask = 2147483647;
			files = (
			);
			runOnlyForDeploymentPostprocessing = 0;
		};
		2032D6C12D1E9E2400170F56 /* Sources */ = {
			isa = PBXSourcesBuildPhase;
			buildActionMask = 2147483647;
			files = (
			);
			runOnlyForDeploymentPostprocessing = 0;
		};
		2032D6CB2D1E9E2400170F56 /* Sources */ = {
			isa = PBXSourcesBuildPhase;
			buildActionMask = 2147483647;
			files = (
			);
			runOnlyForDeploymentPostprocessing = 0;
		};
/* End PBXSourcesBuildPhase section */

/* Begin PBXTargetDependency section */
		2032D6C72D1E9E2400170F56 /* PBXTargetDependency */ = {
			isa = PBXTargetDependency;
			target = 2032D6AF2D1E9E2300170F56 /* polynap */;
			targetProxy = 2032D6C62D1E9E2400170F56 /* PBXContainerItemProxy */;
		};
		2032D6D12D1E9E2400170F56 /* PBXTargetDependency */ = {
			isa = PBXTargetDependency;
			target = 2032D6AF2D1E9E2300170F56 /* polynap */;
			targetProxy = 2032D6D02D1E9E2400170F56 /* PBXContainerItemProxy */;
		};
/* End PBXTargetDependency section */

/* Begin XCBuildConfiguration section */
		2032D6D72D1E9E2400170F56 /* Debug */ = {
			isa = XCBuildConfiguration;
			baseConfigurationReferenceAnchor = 2032D6B22D1E9E2300170F56 /* polynap */;
			baseConfigurationReferenceRelativePath = Keys.xcconfig;
			buildSettings = {
				ALWAYS_SEARCH_USER_PATHS = NO;
				ASSETCATALOG_COMPILER_GENERATE_SWIFT_ASSET_SYMBOL_EXTENSIONS = YES;
				CLANG_ANALYZER_NONNULL = YES;
				CLANG_ANALYZER_NUMBER_OBJECT_CONVERSION = YES_AGGRESSIVE;
				CLANG_CXX_LANGUAGE_STANDARD = "gnu++20";
				CLANG_ENABLE_MODULES = YES;
				CLANG_ENABLE_OBJC_ARC = YES;
				CLANG_ENABLE_OBJC_WEAK = YES;
				CLANG_WARN_BLOCK_CAPTURE_AUTORELEASING = YES;
				CLANG_WARN_BOOL_CONVERSION = YES;
				CLANG_WARN_COMMA = YES;
				CLANG_WARN_CONSTANT_CONVERSION = YES;
				CLANG_WARN_DEPRECATED_OBJC_IMPLEMENTATIONS = YES;
				CLANG_WARN_DIRECT_OBJC_ISA_USAGE = YES_ERROR;
				CLANG_WARN_DOCUMENTATION_COMMENTS = YES;
				CLANG_WARN_EMPTY_BODY = YES;
				CLANG_WARN_ENUM_CONVERSION = YES;
				CLANG_WARN_INFINITE_RECURSION = YES;
				CLANG_WARN_INT_CONVERSION = YES;
				CLANG_WARN_NON_LITERAL_NULL_CONVERSION = YES;
				CLANG_WARN_OBJC_IMPLICIT_RETAIN_SELF = YES;
				CLANG_WARN_OBJC_LITERAL_CONVERSION = YES;
				CLANG_WARN_OBJC_ROOT_CLASS = YES_ERROR;
				CLANG_WARN_QUOTED_INCLUDE_IN_FRAMEWORK_HEADER = YES;
				CLANG_WARN_RANGE_LOOP_ANALYSIS = YES;
				CLANG_WARN_STRICT_PROTOTYPES = YES;
				CLANG_WARN_SUSPICIOUS_MOVE = YES;
				CLANG_WARN_UNGUARDED_AVAILABILITY = YES_AGGRESSIVE;
				CLANG_WARN_UNREACHABLE_CODE = YES;
				CLANG_WARN__DUPLICATE_METHOD_MATCH = YES;
				COPY_PHASE_STRIP = NO;
				DEBUG_INFORMATION_FORMAT = dwarf;
				ENABLE_STRICT_OBJC_MSGSEND = YES;
				ENABLE_TESTABILITY = YES;
				ENABLE_USER_SCRIPT_SANDBOXING = YES;
				GCC_C_LANGUAGE_STANDARD = gnu17;
				GCC_DYNAMIC_NO_PIC = NO;
				GCC_NO_COMMON_BLOCKS = YES;
				GCC_OPTIMIZATION_LEVEL = 0;
				GCC_PREPROCESSOR_DEFINITIONS = (
					"DEBUG=1",
					"$(inherited)",
				);
				GCC_WARN_64_TO_32_BIT_CONVERSION = YES;
				GCC_WARN_ABOUT_RETURN_TYPE = YES_ERROR;
				GCC_WARN_UNDECLARED_SELECTOR = YES;
				GCC_WARN_UNINITIALIZED_AUTOS = YES_AGGRESSIVE;
				GCC_WARN_UNUSED_FUNCTION = YES;
				GCC_WARN_UNUSED_VARIABLE = YES;
				IPHONEOS_DEPLOYMENT_TARGET = 18.1;
				LOCALIZATION_PREFERS_STRING_CATALOGS = YES;
				MTL_ENABLE_DEBUG_INFO = INCLUDE_SOURCE;
				MTL_FAST_MATH = YES;
				ONLY_ACTIVE_ARCH = YES;
				SDKROOT = iphoneos;
				SWIFT_ACTIVE_COMPILATION_CONDITIONS = "DEBUG $(inherited)";
				SWIFT_EMIT_LOC_STRINGS = YES;
				SWIFT_OPTIMIZATION_LEVEL = "-Onone";
			};
			name = Debug;
		};
		2032D6D82D1E9E2400170F56 /* Release */ = {
			isa = XCBuildConfiguration;
			baseConfigurationReferenceAnchor = 2032D6B22D1E9E2300170F56 /* polynap */;
			baseConfigurationReferenceRelativePath = Keys.xcconfig;
			buildSettings = {
				ALWAYS_SEARCH_USER_PATHS = NO;
				ASSETCATALOG_COMPILER_GENERATE_SWIFT_ASSET_SYMBOL_EXTENSIONS = YES;
				CLANG_ANALYZER_NONNULL = YES;
				CLANG_ANALYZER_NUMBER_OBJECT_CONVERSION = YES_AGGRESSIVE;
				CLANG_CXX_LANGUAGE_STANDARD = "gnu++20";
				CLANG_ENABLE_MODULES = YES;
				CLANG_ENABLE_OBJC_ARC = YES;
				CLANG_ENABLE_OBJC_WEAK = YES;
				CLANG_WARN_BLOCK_CAPTURE_AUTORELEASING = YES;
				CLANG_WARN_BOOL_CONVERSION = YES;
				CLANG_WARN_COMMA = YES;
				CLANG_WARN_CONSTANT_CONVERSION = YES;
				CLANG_WARN_DEPRECATED_OBJC_IMPLEMENTATIONS = YES;
				CLANG_WARN_DIRECT_OBJC_ISA_USAGE = YES_ERROR;
				CLANG_WARN_DOCUMENTATION_COMMENTS = YES;
				CLANG_WARN_EMPTY_BODY = YES;
				CLANG_WARN_ENUM_CONVERSION = YES;
				CLANG_WARN_INFINITE_RECURSION = YES;
				CLANG_WARN_INT_CONVERSION = YES;
				CLANG_WARN_NON_LITERAL_NULL_CONVERSION = YES;
				CLANG_WARN_OBJC_IMPLICIT_RETAIN_SELF = YES;
				CLANG_WARN_OBJC_LITERAL_CONVERSION = YES;
				CLANG_WARN_OBJC_ROOT_CLASS = YES_ERROR;
				CLANG_WARN_QUOTED_INCLUDE_IN_FRAMEWORK_HEADER = YES;
				CLANG_WARN_RANGE_LOOP_ANALYSIS = YES;
				CLANG_WARN_STRICT_PROTOTYPES = YES;
				CLANG_WARN_SUSPICIOUS_MOVE = YES;
				CLANG_WARN_UNGUARDED_AVAILABILITY = YES_AGGRESSIVE;
				CLANG_WARN_UNREACHABLE_CODE = YES;
				CLANG_WARN__DUPLICATE_METHOD_MATCH = YES;
				COPY_PHASE_STRIP = NO;
				DEBUG_INFORMATION_FORMAT = "dwarf-with-dsym";
				ENABLE_NS_ASSERTIONS = NO;
				ENABLE_STRICT_OBJC_MSGSEND = YES;
				ENABLE_USER_SCRIPT_SANDBOXING = YES;
				GCC_C_LANGUAGE_STANDARD = gnu17;
				GCC_NO_COMMON_BLOCKS = YES;
				GCC_WARN_64_TO_32_BIT_CONVERSION = YES;
				GCC_WARN_ABOUT_RETURN_TYPE = YES_ERROR;
				GCC_WARN_UNDECLARED_SELECTOR = YES;
				GCC_WARN_UNINITIALIZED_AUTOS = YES_AGGRESSIVE;
				GCC_WARN_UNUSED_FUNCTION = YES;
				GCC_WARN_UNUSED_VARIABLE = YES;
				IPHONEOS_DEPLOYMENT_TARGET = 18.1;
				LOCALIZATION_PREFERS_STRING_CATALOGS = YES;
				MTL_ENABLE_DEBUG_INFO = NO;
				MTL_FAST_MATH = YES;
				SDKROOT = iphoneos;
				SWIFT_COMPILATION_MODE = wholemodule;
				SWIFT_EMIT_LOC_STRINGS = YES;
				VALIDATE_PRODUCT = YES;
			};
			name = Release;
		};
		2032D6DA2D1E9E2400170F56 /* Debug */ = {
			isa = XCBuildConfiguration;
			baseConfigurationReferenceAnchor = 2032D6B22D1E9E2300170F56 /* polynap */;
			baseConfigurationReferenceRelativePath = Keys.xcconfig;
			buildSettings = {
				ASSETCATALOG_COMPILER_APPICON_NAME = AppIcon;
				ASSETCATALOG_COMPILER_GLOBAL_ACCENT_COLOR_NAME = AccentColor;
				CODE_SIGN_ENTITLEMENTS = polynap/polynap.entitlements;
				CODE_SIGN_STYLE = Automatic;
				CURRENT_PROJECT_VERSION = 1;
				DEVELOPMENT_ASSET_PATHS = "\"polynap/Preview Content\"";
				DEVELOPMENT_TEAM = 3CL3A52KNG;
				ENABLE_PREVIEWS = YES;
				GENERATE_INFOPLIST_FILE = YES;
				INFOPLIST_FILE = polynap/Info.plist;
				INFOPLIST_KEY_CFBundleDisplayName = PolyNap;
				INFOPLIST_KEY_LSApplicationCategoryType = "public.app-category.lifestyle";
				INFOPLIST_KEY_NSMicrophoneUsageDescription = "PolyNap alarm sistemi için ses çıkışı gereklidir.";
				INFOPLIST_KEY_UIApplicationSceneManifest_Generation = YES;
				INFOPLIST_KEY_UIApplicationSupportsIndirectInputEvents = YES;
				INFOPLIST_KEY_UILaunchScreen_Generation = YES;
				INFOPLIST_KEY_UISupportedInterfaceOrientations_iPad = "UIInterfaceOrientationPortrait UIInterfaceOrientationPortraitUpsideDown UIInterfaceOrientationLandscapeLeft UIInterfaceOrientationLandscapeRight";
				INFOPLIST_KEY_UISupportedInterfaceOrientations_iPhone = "UIInterfaceOrientationPortrait UIInterfaceOrientationPortrait";
				IPHONEOS_DEPLOYMENT_TARGET = 17.6;
				LD_RUNPATH_SEARCH_PATHS = (
					"$(inherited)",
					"@executable_path/Frameworks",
				);
				MARKETING_VERSION = 1.0;
				PRODUCT_BUNDLE_IDENTIFIER = com.tanercelik.polynap;
				PRODUCT_NAME = "$(TARGET_NAME)";
				SWIFT_EMIT_LOC_STRINGS = YES;
				SWIFT_VERSION = 5.0;
				TARGETED_DEVICE_FAMILY = "1,2";
			};
			name = Debug;
		};
		2032D6DB2D1E9E2400170F56 /* Release */ = {
			isa = XCBuildConfiguration;
			baseConfigurationReferenceAnchor = 2032D6B22D1E9E2300170F56 /* polynap */;
			baseConfigurationReferenceRelativePath = Keys.xcconfig;
			buildSettings = {
				ASSETCATALOG_COMPILER_APPICON_NAME = AppIcon;
				ASSETCATALOG_COMPILER_GLOBAL_ACCENT_COLOR_NAME = AccentColor;
				CODE_SIGN_ENTITLEMENTS = polynap/polynap.entitlements;
				CODE_SIGN_STYLE = Automatic;
				CURRENT_PROJECT_VERSION = 1;
				DEVELOPMENT_ASSET_PATHS = "\"polynap/Preview Content\"";
				DEVELOPMENT_TEAM = 3CL3A52KNG;
				ENABLE_PREVIEWS = YES;
				GENERATE_INFOPLIST_FILE = YES;
				INFOPLIST_FILE = polynap/Info.plist;
				INFOPLIST_KEY_CFBundleDisplayName = PolyNap;
				INFOPLIST_KEY_LSApplicationCategoryType = "public.app-category.lifestyle";
				INFOPLIST_KEY_NSMicrophoneUsageDescription = "PolyNap alarm sistemi için ses çıkışı gereklidir.";
				INFOPLIST_KEY_UIApplicationSceneManifest_Generation = YES;
				INFOPLIST_KEY_UIApplicationSupportsIndirectInputEvents = YES;
				INFOPLIST_KEY_UILaunchScreen_Generation = YES;
				INFOPLIST_KEY_UISupportedInterfaceOrientations_iPad = "UIInterfaceOrientationPortrait UIInterfaceOrientationPortraitUpsideDown UIInterfaceOrientationLandscapeLeft UIInterfaceOrientationLandscapeRight";
				INFOPLIST_KEY_UISupportedInterfaceOrientations_iPhone = "UIInterfaceOrientationPortrait UIInterfaceOrientationPortrait";
				IPHONEOS_DEPLOYMENT_TARGET = 17.6;
				LD_RUNPATH_SEARCH_PATHS = (
					"$(inherited)",
					"@executable_path/Frameworks",
				);
				MARKETING_VERSION = 1.0;
				PRODUCT_BUNDLE_IDENTIFIER = com.tanercelik.polynap;
				PRODUCT_NAME = "$(TARGET_NAME)";
				SWIFT_EMIT_LOC_STRINGS = YES;
				SWIFT_VERSION = 5.0;
				TARGETED_DEVICE_FAMILY = "1,2";
			};
			name = Release;
		};
		2032D6DD2D1E9E2400170F56 /* Debug */ = {
			isa = XCBuildConfiguration;
			baseConfigurationReferenceAnchor = 2032D6B22D1E9E2300170F56 /* polynap */;
			baseConfigurationReferenceRelativePath = Keys.xcconfig;
			buildSettings = {
				BUNDLE_LOADER = "$(TEST_HOST)";
				CODE_SIGN_STYLE = Automatic;
				CURRENT_PROJECT_VERSION = 1;
				DEVELOPMENT_TEAM = 3CL3A52KNG;
				GENERATE_INFOPLIST_FILE = YES;
				IPHONEOS_DEPLOYMENT_TARGET = 18.1;
				MARKETING_VERSION = 1.0;
				PRODUCT_BUNDLE_IDENTIFIER = com.tanercelik.polynapTests;
				PRODUCT_NAME = "$(TARGET_NAME)";
				SWIFT_EMIT_LOC_STRINGS = NO;
				SWIFT_VERSION = 5.0;
				TARGETED_DEVICE_FAMILY = "1,2";
				TEST_HOST = "$(BUILT_PRODUCTS_DIR)/polynap.app/$(BUNDLE_EXECUTABLE_FOLDER_PATH)/polynap";
			};
			name = Debug;
		};
		2032D6DE2D1E9E2400170F56 /* Release */ = {
			isa = XCBuildConfiguration;
			baseConfigurationReferenceAnchor = 2032D6B22D1E9E2300170F56 /* polynap */;
			baseConfigurationReferenceRelativePath = Keys.xcconfig;
			buildSettings = {
				BUNDLE_LOADER = "$(TEST_HOST)";
				CODE_SIGN_STYLE = Automatic;
				CURRENT_PROJECT_VERSION = 1;
				DEVELOPMENT_TEAM = 3CL3A52KNG;
				GENERATE_INFOPLIST_FILE = YES;
				IPHONEOS_DEPLOYMENT_TARGET = 18.1;
				MARKETING_VERSION = 1.0;
				PRODUCT_BUNDLE_IDENTIFIER = com.tanercelik.polynapTests;
				PRODUCT_NAME = "$(TARGET_NAME)";
				SWIFT_EMIT_LOC_STRINGS = NO;
				SWIFT_VERSION = 5.0;
				TARGETED_DEVICE_FAMILY = "1,2";
				TEST_HOST = "$(BUILT_PRODUCTS_DIR)/polynap.app/$(BUNDLE_EXECUTABLE_FOLDER_PATH)/polynap";
			};
			name = Release;
		};
		2032D6E02D1E9E2400170F56 /* Debug */ = {
			isa = XCBuildConfiguration;
			baseConfigurationReferenceAnchor = 2032D6B22D1E9E2300170F56 /* polynap */;
			baseConfigurationReferenceRelativePath = Keys.xcconfig;
			buildSettings = {
				CODE_SIGN_STYLE = Automatic;
				CURRENT_PROJECT_VERSION = 1;
				DEVELOPMENT_TEAM = 3CL3A52KNG;
				GENERATE_INFOPLIST_FILE = YES;
				MARKETING_VERSION = 1.0;
				PRODUCT_BUNDLE_IDENTIFIER = com.tanercelik.polynapUITests;
				PRODUCT_NAME = "$(TARGET_NAME)";
				SWIFT_EMIT_LOC_STRINGS = NO;
				SWIFT_VERSION = 5.0;
				TARGETED_DEVICE_FAMILY = "1,2";
				TEST_TARGET_NAME = polynap;
			};
			name = Debug;
		};
		2032D6E12D1E9E2400170F56 /* Release */ = {
			isa = XCBuildConfiguration;
			baseConfigurationReferenceAnchor = 2032D6B22D1E9E2300170F56 /* polynap */;
			baseConfigurationReferenceRelativePath = Keys.xcconfig;
			buildSettings = {
				CODE_SIGN_STYLE = Automatic;
				CURRENT_PROJECT_VERSION = 1;
				DEVELOPMENT_TEAM = 3CL3A52KNG;
				GENERATE_INFOPLIST_FILE = YES;
				MARKETING_VERSION = 1.0;
				PRODUCT_BUNDLE_IDENTIFIER = com.tanercelik.polynapUITests;
				PRODUCT_NAME = "$(TARGET_NAME)";
				SWIFT_EMIT_LOC_STRINGS = NO;
				SWIFT_VERSION = 5.0;
				TARGETED_DEVICE_FAMILY = "1,2";
				TEST_TARGET_NAME = polynap;
			};
			name = Release;
		};
/* End XCBuildConfiguration section */

/* Begin XCConfigurationList section */
		2032D6AB2D1E9E2300170F56 /* Build configuration list for PBXProject "polynap" */ = {
			isa = XCConfigurationList;
			buildConfigurations = (
				2032D6D72D1E9E2400170F56 /* Debug */,
				2032D6D82D1E9E2400170F56 /* Release */,
			);
			defaultConfigurationIsVisible = 0;
			defaultConfigurationName = Release;
		};
		2032D6D92D1E9E2400170F56 /* Build configuration list for PBXNativeTarget "polynap" */ = {
			isa = XCConfigurationList;
			buildConfigurations = (
				2032D6DA2D1E9E2400170F56 /* Debug */,
				2032D6DB2D1E9E2400170F56 /* Release */,
			);
			defaultConfigurationIsVisible = 0;
			defaultConfigurationName = Release;
		};
		2032D6DC2D1E9E2400170F56 /* Build configuration list for PBXNativeTarget "polynapTests" */ = {
			isa = XCConfigurationList;
			buildConfigurations = (
				2032D6DD2D1E9E2400170F56 /* Debug */,
				2032D6DE2D1E9E2400170F56 /* Release */,
			);
			defaultConfigurationIsVisible = 0;
			defaultConfigurationName = Release;
		};
		2032D6DF2D1E9E2400170F56 /* Build configuration list for PBXNativeTarget "polynapUITests" */ = {
			isa = XCConfigurationList;
			buildConfigurations = (
				2032D6E02D1E9E2400170F56 /* Debug */,
				2032D6E12D1E9E2400170F56 /* Release */,
			);
			defaultConfigurationIsVisible = 0;
			defaultConfigurationName = Release;
		};
/* End XCConfigurationList section */

/* Begin XCRemoteSwiftPackageReference section */
		206D2A9A2DF33CC40013D385 /* XCRemoteSwiftPackageReference "purchases-ios-spm" */ = {
			isa = XCRemoteSwiftPackageReference;
			repositoryURL = "https://github.com/RevenueCat/purchases-ios-spm.git";
			requirement = {
				kind = upToNextMajorVersion;
				minimumVersion = 5.27.1;
			};
		};
		206DE0772DF195E7007EE33B /* XCRemoteSwiftPackageReference "lottie-ios" */ = {
			isa = XCRemoteSwiftPackageReference;
			repositoryURL = "https://github.com/airbnb/lottie-ios.git";
			requirement = {
				kind = upToNextMajorVersion;
				minimumVersion = 4.5.2;
			};
		};
		20AB6D2A2D2AFB5500A45746 /* XCRemoteSwiftPackageReference "firebase-ios-sdk" */ = {
			isa = XCRemoteSwiftPackageReference;
			repositoryURL = "https://github.com/firebase/firebase-ios-sdk";
			requirement = {
				kind = upToNextMajorVersion;
				minimumVersion = 11.6.0;
			};
		};
/* End XCRemoteSwiftPackageReference section */

/* Begin XCSwiftPackageProductDependency section */
		206D2A9B2DF33CC40013D385 /* RevenueCat */ = {
			isa = XCSwiftPackageProductDependency;
			package = 206D2A9A2DF33CC40013D385 /* XCRemoteSwiftPackageReference "purchases-ios-spm" */;
			productName = RevenueCat;
		};
		206D2A9D2DF33CC40013D385 /* RevenueCatUI */ = {
			isa = XCSwiftPackageProductDependency;
			package = 206D2A9A2DF33CC40013D385 /* XCRemoteSwiftPackageReference "purchases-ios-spm" */;
			productName = RevenueCatUI;
		};
		206DE0782DF195E7007EE33B /* Lottie */ = {
			isa = XCSwiftPackageProductDependency;
			package = 206DE0772DF195E7007EE33B /* XCRemoteSwiftPackageReference "lottie-ios" */;
			productName = Lottie;
		};
		20AB6D2B2D2AFB5500A45746 /* FirebaseAnalytics */ = {
			isa = XCSwiftPackageProductDependency;
			package = 20AB6D2A2D2AFB5500A45746 /* XCRemoteSwiftPackageReference "firebase-ios-sdk" */;
			productName = FirebaseAnalytics;
		};
		20AB6D2D2D2AFB5500A45746 /* FirebaseAnalyticsOnDeviceConversion */ = {
			isa = XCSwiftPackageProductDependency;
			package = 20AB6D2A2D2AFB5500A45746 /* XCRemoteSwiftPackageReference "firebase-ios-sdk" */;
			productName = FirebaseAnalyticsOnDeviceConversion;
		};
		20AB6D2F2D2AFB5500A45746 /* FirebaseAnalyticsWithoutAdIdSupport */ = {
			isa = XCSwiftPackageProductDependency;
			package = 20AB6D2A2D2AFB5500A45746 /* XCRemoteSwiftPackageReference "firebase-ios-sdk" */;
			productName = FirebaseAnalyticsWithoutAdIdSupport;
		};
		20AB6D312D2AFB5500A45746 /* FirebaseAppCheck */ = {
			isa = XCSwiftPackageProductDependency;
			package = 20AB6D2A2D2AFB5500A45746 /* XCRemoteSwiftPackageReference "firebase-ios-sdk" */;
			productName = FirebaseAppCheck;
		};
		20AB6D332D2AFB5500A45746 /* FirebaseAppDistribution-Beta */ = {
			isa = XCSwiftPackageProductDependency;
			package = 20AB6D2A2D2AFB5500A45746 /* XCRemoteSwiftPackageReference "firebase-ios-sdk" */;
			productName = "FirebaseAppDistribution-Beta";
		};
/* End XCSwiftPackageProductDependency section */
	};
	rootObject = 2032D6A82D1E9E2300170F56 /* Project object */;
}
